
Microsoft Visual Studio Solution File, Format Version 12.00
# Visual Studio 2013
VisualStudioVersion = 12.0.30501.0
MinimumVisualStudioVersion = 10.0.40219.1
Project("{FAE04EC0-301F-11D3-BF4B-00C04F79EFBC}") = "Ges.Test", "src\Ges.Test\Ges.Test.csproj", "{ABD4DCEE-A696-4AA1-8B16-EC7A5AF2EA36}"
EndProject
Project("{FAE04EC0-301F-11D3-BF4B-00C04F79EFBC}") = "GetEventStoreRepository", "submodules\getting-started-with-event-store\src\GetEventStoreRepository\GetEventStoreRepository.csproj", "{68568F4B-6637-418E-8C28-C692F811ED42}"
EndProject
Project("{FAE04EC0-301F-11D3-BF4B-00C04F79EFBC}") = "Ges.ReadModel", "src\Ges.ReadModel\Ges.ReadModel.csproj", "{4F62127B-86C3-45BE-822F-8DF59B31CF9F}"
EndProject
Project("{FAE04EC0-301F-11D3-BF4B-00C04F79EFBC}") = "Ges.ReadModel2", "src\Ges.ReadModel2\Ges.ReadModel2.csproj", "{22BDE983-9138-4197-AF54-C3211794BD84}"
EndProject
Global
	GlobalSection(SolutionConfigurationPlatforms) = preSolution
		Debug|Any CPU = Debug|Any CPU
		Release|Any CPU = Release|Any CPU
	EndGlobalSection
	GlobalSection(ProjectConfigurationPlatforms) = postSolution
		{ABD4DCEE-A696-4AA1-8B16-EC7A5AF2EA36}.Debug|Any CPU.ActiveCfg = Debug|Any CPU
		{ABD4DCEE-A696-4AA1-8B16-EC7A5AF2EA36}.Debug|Any CPU.Build.0 = Debug|Any CPU
		{ABD4DCEE-A696-4AA1-8B16-EC7A5AF2EA36}.Release|Any CPU.ActiveCfg = Release|Any CPU
		{ABD4DCEE-A696-4AA1-8B16-EC7A5AF2EA36}.Release|Any CPU.Build.0 = Release|Any CPU
		{68568F4B-6637-418E-8C28-C692F811ED42}.Debug|Any CPU.ActiveCfg = Debug|Any CPU
		{68568F4B-6637-418E-8C28-C692F811ED42}.Debug|Any CPU.Build.0 = Debug|Any CPU
		{68568F4B-6637-418E-8C28-C692F811ED42}.Release|Any CPU.ActiveCfg = Release|Any CPU
		{68568F4B-6637-418E-8C28-C692F811ED42}.Release|Any CPU.Build.0 = Release|Any CPU
		{4F62127B-86C3-45BE-822F-8DF59B31CF9F}.Debug|Any CPU.ActiveCfg = Debug|Any CPU
		{4F62127B-86C3-45BE-822F-8DF59B31CF9F}.Debug|Any CPU.Build.0 = Debug|Any CPU
		{4F62127B-86C3-45BE-822F-8DF59B31CF9F}.Release|Any CPU.ActiveCfg = Release|Any CPU
		{4F62127B-86C3-45BE-822F-8DF59B31CF9F}.Release|Any CPU.Build.0 = Release|Any CPU
		{22BDE983-9138-4197-AF54-C3211794BD84}.Debug|Any CPU.ActiveCfg = Debug|Any CPU
		{22BDE983-9138-4197-AF54-C3211794BD84}.Debug|Any CPU.Build.0 = Debug|Any CPU
		{22BDE983-9138-4197-AF54-C3211794BD84}.Release|Any CPU.ActiveCfg = Release|Any CPU
		{22BDE983-9138-4197-AF54-C3211794BD84}.Release|Any CPU.Build.0 = Release|Any CPU
	EndGlobalSection
	GlobalSection(SolutionProperties) = preSolution
		HideSolutionNode = FALSE
	EndGlobalSection
EndGlobal
